// !$*UTF8*$!
{
	archiveVersion = 1;
	classes = {
	};
	objectVersion = 50;
	objects = {

/* Begin PBXBuildFile section */
		2C72A8DB2600D610003CCD13 /* AppDelegate.swift in Sources */ = {isa = PBXBuildFile; fileRef = 2C72A8DA2600D610003CCD13 /* AppDelegate.swift */; };
		2C72A8DD2600D610003CCD13 /* SceneDelegate.swift in Sources */ = {isa = PBXBuildFile; fileRef = 2C72A8DC2600D610003CCD13 /* SceneDelegate.swift */; };
		2C72A8DF2600D610003CCD13 /* ViewController.swift in Sources */ = {isa = PBXBuildFile; fileRef = 2C72A8DE2600D610003CCD13 /* ViewController.swift */; };
		2C72A8E22600D610003CCD13 /* Main.storyboard in Resources */ = {isa = PBXBuildFile; fileRef = 2C72A8E02600D610003CCD13 /* Main.storyboard */; };
		2C72A8E42600D612003CCD13 /* Assets.xcassets in Resources */ = {isa = PBXBuildFile; fileRef = 2C72A8E32600D612003CCD13 /* Assets.xcassets */; };
		2C72A8E72600D612003CCD13 /* LaunchScreen.storyboard in Resources */ = {isa = PBXBuildFile; fileRef = 2C72A8E52600D612003CCD13 /* LaunchScreen.storyboard */; };
		2C72A8F22600D612003CCD13 /* Bankin_ChallengeTests.swift in Sources */ = {isa = PBXBuildFile; fileRef = 2C72A8F12600D612003CCD13 /* Bankin_ChallengeTests.swift */; };
		2C72A8FD2600D612003CCD13 /* Bankin_ChallengeUITests.swift in Sources */ = {isa = PBXBuildFile; fileRef = 2C72A8FC2600D612003CCD13 /* Bankin_ChallengeUITests.swift */; };
/* End PBXBuildFile section */

/* Begin PBXContainerItemProxy section */
		2C72A8EE2600D612003CCD13 /* PBXContainerItemProxy */ = {
			isa = PBXContainerItemProxy;
			containerPortal = 2C72A8CF2600D610003CCD13 /* Project object */;
			proxyType = 1;
			remoteGlobalIDString = 2C72A8D62600D610003CCD13;
			remoteInfo = "Bankin Challenge";
		};
		2C72A8F92600D612003CCD13 /* PBXContainerItemProxy */ = {
			isa = PBXContainerItemProxy;
			containerPortal = 2C72A8CF2600D610003CCD13 /* Project object */;
			proxyType = 1;
			remoteGlobalIDString = 2C72A8D62600D610003CCD13;
			remoteInfo = "Bankin Challenge";
		};
/* End PBXContainerItemProxy section */

/* Begin PBXFileReference section */
		2C72A8D72600D610003CCD13 /* Bankin Challenge.app */ = {isa = PBXFileReference; explicitFileType = wrapper.application; includeInIndex = 0; path = "Bankin Challenge.app"; sourceTree = BUILT_PRODUCTS_DIR; };
		2C72A8DA2600D610003CCD13 /* AppDelegate.swift */ = {isa = PBXFileReference; lastKnownFileType = sourcecode.swift; path = AppDelegate.swift; sourceTree = "<group>"; };
		2C72A8DC2600D610003CCD13 /* SceneDelegate.swift */ = {isa = PBXFileReference; lastKnownFileType = sourcecode.swift; path = SceneDelegate.swift; sourceTree = "<group>"; };
		2C72A8DE2600D610003CCD13 /* ViewController.swift */ = {isa = PBXFileReference; lastKnownFileType = sourcecode.swift; path = ViewController.swift; sourceTree = "<group>"; };
		2C72A8E12600D610003CCD13 /* Base */ = {isa = PBXFileReference; lastKnownFileType = file.storyboard; name = Base; path = Base.lproj/Main.storyboard; sourceTree = "<group>"; };
		2C72A8E32600D612003CCD13 /* Assets.xcassets */ = {isa = PBXFileReference; lastKnownFileType = folder.assetcatalog; path = Assets.xcassets; sourceTree = "<group>"; };
		2C72A8E62600D612003CCD13 /* Base */ = {isa = PBXFileReference; lastKnownFileType = file.storyboard; name = Base; path = Base.lproj/LaunchScreen.storyboard; sourceTree = "<group>"; };
		2C72A8E82600D612003CCD13 /* Info.plist */ = {isa = PBXFileReference; lastKnownFileType = text.plist.xml; path = Info.plist; sourceTree = "<group>"; };
		2C72A8ED2600D612003CCD13 /* Bankin ChallengeTests.xctest */ = {isa = PBXFileReference; explicitFileType = wrapper.cfbundle; includeInIndex = 0; path = "Bankin ChallengeTests.xctest"; sourceTree = BUILT_PRODUCTS_DIR; };
		2C72A8F12600D612003CCD13 /* Bankin_ChallengeTests.swift */ = {isa = PBXFileReference; lastKnownFileType = sourcecode.swift; path = Bankin_ChallengeTests.swift; sourceTree = "<group>"; };
		2C72A8F32600D612003CCD13 /* Info.plist */ = {isa = PBXFileReference; lastKnownFileType = text.plist.xml; path = Info.plist; sourceTree = "<group>"; };
		2C72A8F82600D612003CCD13 /* Bankin ChallengeUITests.xctest */ = {isa = PBXFileReference; explicitFileType = wrapper.cfbundle; includeInIndex = 0; path = "Bankin ChallengeUITests.xctest"; sourceTree = BUILT_PRODUCTS_DIR; };
		2C72A8FC2600D612003CCD13 /* Bankin_ChallengeUITests.swift */ = {isa = PBXFileReference; lastKnownFileType = sourcecode.swift; path = Bankin_ChallengeUITests.swift; sourceTree = "<group>"; };
		2C72A8FE2600D612003CCD13 /* Info.plist */ = {isa = PBXFileReference; lastKnownFileType = text.plist.xml; path = Info.plist; sourceTree = "<group>"; };
/* End PBXFileReference section */

/* Begin PBXFrameworksBuildPhase section */
		2C72A8D42600D610003CCD13 /* Frameworks */ = {
			isa = PBXFrameworksBuildPhase;
			buildActionMask = 2147483647;
			files = (
			);
			runOnlyForDeploymentPostprocessing = 0;
		};
		2C72A8EA2600D612003CCD13 /* Frameworks */ = {
			isa = PBXFrameworksBuildPhase;
			buildActionMask = 2147483647;
			files = (
			);
			runOnlyForDeploymentPostprocessing = 0;
		};
		2C72A8F52600D612003CCD13 /* Frameworks */ = {
			isa = PBXFrameworksBuildPhase;
			buildActionMask = 2147483647;
			files = (
			);
			runOnlyForDeploymentPostprocessing = 0;
		};
/* End PBXFrameworksBuildPhase section */

/* Begin PBXGroup section */
		2C72A8CE2600D610003CCD13 = {
			isa = PBXGroup;
			children = (
				2C72A8D92600D610003CCD13 /* Bankin Challenge */,
				2C72A8F02600D612003CCD13 /* Bankin ChallengeTests */,
				2C72A8FB2600D612003CCD13 /* Bankin ChallengeUITests */,
				2C72A8D82600D610003CCD13 /* Products */,
			);
			sourceTree = "<group>";
		};
		2C72A8D82600D610003CCD13 /* Products */ = {
			isa = PBXGroup;
			children = (
				2C72A8D72600D610003CCD13 /* Bankin Challenge.app */,
				2C72A8ED2600D612003CCD13 /* Bankin ChallengeTests.xctest */,
				2C72A8F82600D612003CCD13 /* Bankin ChallengeUITests.xctest */,
			);
			name = Products;
			sourceTree = "<group>";
		};
		2C72A8D92600D610003CCD13 /* Bankin Challenge */ = {
			isa = PBXGroup;
			children = (
				2C72A8DA2600D610003CCD13 /* AppDelegate.swift */,
				2C72A8DC2600D610003CCD13 /* SceneDelegate.swift */,
				2C72A8DE2600D610003CCD13 /* ViewController.swift */,
				2C72A8E02600D610003CCD13 /* Main.storyboard */,
				2C72A8E32600D612003CCD13 /* Assets.xcassets */,
				2C72A8E52600D612003CCD13 /* LaunchScreen.storyboard */,
				2C72A8E82600D612003CCD13 /* Info.plist */,
			);
			path = "Bankin Challenge";
			sourceTree = "<group>";
		};
		2C72A8F02600D612003CCD13 /* Bankin ChallengeTests */ = {
			isa = PBXGroup;
			children = (
				2C72A8F12600D612003CCD13 /* Bankin_ChallengeTests.swift */,
				2C72A8F32600D612003CCD13 /* Info.plist */,
			);
			path = "Bankin ChallengeTests";
			sourceTree = "<group>";
		};
		2C72A8FB2600D612003CCD13 /* Bankin ChallengeUITests */ = {
			isa = PBXGroup;
			children = (
				2C72A8FC2600D612003CCD13 /* Bankin_ChallengeUITests.swift */,
				2C72A8FE2600D612003CCD13 /* Info.plist */,
			);
			path = "Bankin ChallengeUITests";
			sourceTree = "<group>";
		};
/* End PBXGroup section */

/* Begin PBXNativeTarget section */
		2C72A8D62600D610003CCD13 /* Bankin Challenge */ = {
			isa = PBXNativeTarget;
			buildConfigurationList = 2C72A9012600D612003CCD13 /* Build configuration list for PBXNativeTarget "Bankin Challenge" */;
			buildPhases = (
				2C72A8D32600D610003CCD13 /* Sources */,
				2C72A8D42600D610003CCD13 /* Frameworks */,
				2C72A8D52600D610003CCD13 /* Resources */,
			);
			buildRules = (
			);
			dependencies = (
			);
			name = "Bankin Challenge";
			productName = "Bankin Challenge";
			productReference = 2C72A8D72600D610003CCD13 /* Bankin Challenge.app */;
			productType = "com.apple.product-type.application";
		};
		2C72A8EC2600D612003CCD13 /* Bankin ChallengeTests */ = {
			isa = PBXNativeTarget;
			buildConfigurationList = 2C72A9042600D612003CCD13 /* Build configuration list for PBXNativeTarget "Bankin ChallengeTests" */;
			buildPhases = (
				2C72A8E92600D612003CCD13 /* Sources */,
				2C72A8EA2600D612003CCD13 /* Frameworks */,
				2C72A8EB2600D612003CCD13 /* Resources */,
			);
			buildRules = (
			);
			dependencies = (
				2C72A8EF2600D612003CCD13 /* PBXTargetDependency */,
			);
			name = "Bankin ChallengeTests";
			productName = "Bankin ChallengeTests";
			productReference = 2C72A8ED2600D612003CCD13 /* Bankin ChallengeTests.xctest */;
			productType = "com.apple.product-type.bundle.unit-test";
		};
		2C72A8F72600D612003CCD13 /* Bankin ChallengeUITests */ = {
			isa = PBXNativeTarget;
			buildConfigurationList = 2C72A9072600D612003CCD13 /* Build configuration list for PBXNativeTarget "Bankin ChallengeUITests" */;
			buildPhases = (
				2C72A8F42600D612003CCD13 /* Sources */,
				2C72A8F52600D612003CCD13 /* Frameworks */,
				2C72A8F62600D612003CCD13 /* Resources */,
			);
			buildRules = (
			);
			dependencies = (
				2C72A8FA2600D612003CCD13 /* PBXTargetDependency */,
			);
			name = "Bankin ChallengeUITests";
			productName = "Bankin ChallengeUITests";
			productReference = 2C72A8F82600D612003CCD13 /* Bankin ChallengeUITests.xctest */;
			productType = "com.apple.product-type.bundle.ui-testing";
		};
/* End PBXNativeTarget section */

/* Begin PBXProject section */
		2C72A8CF2600D610003CCD13 /* Project object */ = {
			isa = PBXProject;
			attributes = {
				LastSwiftUpdateCheck = 1240;
				LastUpgradeCheck = 1240;
				TargetAttributes = {
					2C72A8D62600D610003CCD13 = {
						CreatedOnToolsVersion = 12.4;
					};
					2C72A8EC2600D612003CCD13 = {
						CreatedOnToolsVersion = 12.4;
						TestTargetID = 2C72A8D62600D610003CCD13;
					};
					2C72A8F72600D612003CCD13 = {
						CreatedOnToolsVersion = 12.4;
						TestTargetID = 2C72A8D62600D610003CCD13;
					};
				};
			};
			buildConfigurationList = 2C72A8D22600D610003CCD13 /* Build configuration list for PBXProject "Bankin Challenge" */;
			compatibilityVersion = "Xcode 9.3";
			developmentRegion = en;
			hasScannedForEncodings = 0;
			knownRegions = (
				en,
				Base,
			);
			mainGroup = 2C72A8CE2600D610003CCD13;
			productRefGroup = 2C72A8D82600D610003CCD13 /* Products */;
			projectDirPath = "";
			projectRoot = "";
			targets = (
				2C72A8D62600D610003CCD13 /* Bankin Challenge */,
				2C72A8EC2600D612003CCD13 /* Bankin ChallengeTests */,
				2C72A8F72600D612003CCD13 /* Bankin ChallengeUITests */,
			);
		};
/* End PBXProject section */

/* Begin PBXResourcesBuildPhase section */
		2C72A8D52600D610003CCD13 /* Resources */ = {
			isa = PBXResourcesBuildPhase;
			buildActionMask = 2147483647;
			files = (
				2C72A8E72600D612003CCD13 /* LaunchScreen.storyboard in Resources */,
				2C72A8E42600D612003CCD13 /* Assets.xcassets in Resources */,
				2C72A8E22600D610003CCD13 /* Main.storyboard in Resources */,
			);
			runOnlyForDeploymentPostprocessing = 0;
		};
		2C72A8EB2600D612003CCD13 /* Resources */ = {
			isa = PBXResourcesBuildPhase;
			buildActionMask = 2147483647;
			files = (
			);
			runOnlyForDeploymentPostprocessing = 0;
		};
		2C72A8F62600D612003CCD13 /* Resources */ = {
			isa = PBXResourcesBuildPhase;
			buildActionMask = 2147483647;
			files = (
			);
			runOnlyForDeploymentPostprocessing = 0;
		};
/* End PBXResourcesBuildPhase section */

/* Begin PBXSourcesBuildPhase section */
		2C72A8D32600D610003CCD13 /* Sources */ = {
			isa = PBXSourcesBuildPhase;
			buildActionMask = 2147483647;
			files = (
				2C72A8DF2600D610003CCD13 /* ViewController.swift in Sources */,
				2C72A8DB2600D610003CCD13 /* AppDelegate.swift in Sources */,
				2C72A8DD2600D610003CCD13 /* SceneDelegate.swift in Sources */,
			);
			runOnlyForDeploymentPostprocessing = 0;
		};
		2C72A8E92600D612003CCD13 /* Sources */ = {
			isa = PBXSourcesBuildPhase;
			buildActionMask = 2147483647;
			files = (
				2C72A8F22600D612003CCD13 /* Bankin_ChallengeTests.swift in Sources */,
			);
			runOnlyForDeploymentPostprocessing = 0;
		};
		2C72A8F42600D612003CCD13 /* Sources */ = {
			isa = PBXSourcesBuildPhase;
			buildActionMask = 2147483647;
			files = (
				2C72A8FD2600D612003CCD13 /* Bankin_ChallengeUITests.swift in Sources */,
			);
			runOnlyForDeploymentPostprocessing = 0;
		};
/* End PBXSourcesBuildPhase section */

/* Begin PBXTargetDependency section */
		2C72A8EF2600D612003CCD13 /* PBXTargetDependency */ = {
			isa = PBXTargetDependency;
			target = 2C72A8D62600D610003CCD13 /* Bankin Challenge */;
			targetProxy = 2C72A8EE2600D612003CCD13 /* PBXContainerItemProxy */;
		};
		2C72A8FA2600D612003CCD13 /* PBXTargetDependency */ = {
			isa = PBXTargetDependency;
			target = 2C72A8D62600D610003CCD13 /* Bankin Challenge */;
			targetProxy = 2C72A8F92600D612003CCD13 /* PBXContainerItemProxy */;
		};
/* End PBXTargetDependency section */

/* Begin PBXVariantGroup section */
		2C72A8E02600D610003CCD13 /* Main.storyboard */ = {
			isa = PBXVariantGroup;
			children = (
				2C72A8E12600D610003CCD13 /* Base */,
			);
			name = Main.storyboard;
			sourceTree = "<group>";
		};
		2C72A8E52600D612003CCD13 /* LaunchScreen.storyboard */ = {
			isa = PBXVariantGroup;
			children = (
				2C72A8E62600D612003CCD13 /* Base */,
			);
			name = LaunchScreen.storyboard;
			sourceTree = "<group>";
		};
/* End PBXVariantGroup section */

/* Begin XCBuildConfiguration section */
		2C72A8FF2600D612003CCD13 /* Debug */ = {
			isa = XCBuildConfiguration;
			buildSettings = {
				ALWAYS_SEARCH_USER_PATHS = NO;
				CLANG_ANALYZER_NONNULL = YES;
				CLANG_ANALYZER_NUMBER_OBJECT_CONVERSION = YES_AGGRESSIVE;
				CLANG_CXX_LANGUAGE_STANDARD = "gnu++14";
				CLANG_CXX_LIBRARY = "libc++";
				CLANG_ENABLE_MODULES = YES;
				CLANG_ENABLE_OBJC_ARC = YES;
				CLANG_ENABLE_OBJC_WEAK = YES;
				CLANG_WARN_BLOCK_CAPTURE_AUTORELEASING = YES;
				CLANG_WARN_BOOL_CONVERSION = YES;
				CLANG_WARN_COMMA = YES;
				CLANG_WARN_CONSTANT_CONVERSION = YES;
				CLANG_WARN_DEPRECATED_OBJC_IMPLEMENTATIONS = YES;
				CLANG_WARN_DIRECT_OBJC_ISA_USAGE = YES_ERROR;
				CLANG_WARN_DOCUMENTATION_COMMENTS = YES;
				CLANG_WARN_EMPTY_BODY = YES;
				CLANG_WARN_ENUM_CONVERSION = YES;
				CLANG_WARN_INFINITE_RECURSION = YES;
				CLANG_WARN_INT_CONVERSION = YES;
				CLANG_WARN_NON_LITERAL_NULL_CONVERSION = YES;
				CLANG_WARN_OBJC_IMPLICIT_RETAIN_SELF = YES;
				CLANG_WARN_OBJC_LITERAL_CONVERSION = YES;
				CLANG_WARN_OBJC_ROOT_CLASS = YES_ERROR;
				CLANG_WARN_QUOTED_INCLUDE_IN_FRAMEWORK_HEADER = YES;
				CLANG_WARN_RANGE_LOOP_ANALYSIS = YES;
				CLANG_WARN_STRICT_PROTOTYPES = YES;
				CLANG_WARN_SUSPICIOUS_MOVE = YES;
				CLANG_WARN_UNGUARDED_AVAILABILITY = YES_AGGRESSIVE;
				CLANG_WARN_UNREACHABLE_CODE = YES;
				CLANG_WARN__DUPLICATE_METHOD_MATCH = YES;
				COPY_PHASE_STRIP = NO;
				DEBUG_INFORMATION_FORMAT = dwarf;
				ENABLE_STRICT_OBJC_MSGSEND = YES;
				ENABLE_TESTABILITY = YES;
				GCC_C_LANGUAGE_STANDARD = gnu11;
				GCC_DYNAMIC_NO_PIC = NO;
				GCC_NO_COMMON_BLOCKS = YES;
				GCC_OPTIMIZATION_LEVEL = 0;
				GCC_PREPROCESSOR_DEFINITIONS = (
					"DEBUG=1",
					"$(inherited)",
				);
				GCC_WARN_64_TO_32_BIT_CONVERSION = YES;
				GCC_WARN_ABOUT_RETURN_TYPE = YES_ERROR;
				GCC_WARN_UNDECLARED_SELECTOR = YES;
				GCC_WARN_UNINITIALIZED_AUTOS = YES_AGGRESSIVE;
				GCC_WARN_UNUSED_FUNCTION = YES;
				GCC_WARN_UNUSED_VARIABLE = YES;
				IPHONEOS_DEPLOYMENT_TARGET = 14.4;
				MTL_ENABLE_DEBUG_INFO = INCLUDE_SOURCE;
				MTL_FAST_MATH = YES;
				ONLY_ACTIVE_ARCH = YES;
				SDKROOT = iphoneos;
				SWIFT_ACTIVE_COMPILATION_CONDITIONS = DEBUG;
				SWIFT_OPTIMIZATION_LEVEL = "-Onone";
			};
			name = Debug;
		};
		2C72A9002600D612003CCD13 /* Release */ = {
			isa = XCBuildConfiguration;
			buildSettings = {
				ALWAYS_SEARCH_USER_PATHS = NO;
				CLANG_ANALYZER_NONNULL = YES;
				CLANG_ANALYZER_NUMBER_OBJECT_CONVERSION = YES_AGGRESSIVE;
				CLANG_CXX_LANGUAGE_STANDARD = "gnu++14";
				CLANG_CXX_LIBRARY = "libc++";
				CLANG_ENABLE_MODULES = YES;
				CLANG_ENABLE_OBJC_ARC = YES;
				CLANG_ENABLE_OBJC_WEAK = YES;
				CLANG_WARN_BLOCK_CAPTURE_AUTORELEASING = YES;
				CLANG_WARN_BOOL_CONVERSION = YES;
				CLANG_WARN_COMMA = YES;
				CLANG_WARN_CONSTANT_CONVERSION = YES;
				CLANG_WARN_DEPRECATED_OBJC_IMPLEMENTATIONS = YES;
				CLANG_WARN_DIRECT_OBJC_ISA_USAGE = YES_ERROR;
				CLANG_WARN_DOCUMENTATION_COMMENTS = YES;
				CLANG_WARN_EMPTY_BODY = YES;
				CLANG_WARN_ENUM_CONVERSION = YES;
				CLANG_WARN_INFINITE_RECURSION = YES;
				CLANG_WARN_INT_CONVERSION = YES;
				CLANG_WARN_NON_LITERAL_NULL_CONVERSION = YES;
				CLANG_WARN_OBJC_IMPLICIT_RETAIN_SELF = YES;
				CLANG_WARN_OBJC_LITERAL_CONVERSION = YES;
				CLANG_WARN_OBJC_ROOT_CLASS = YES_ERROR;
				CLANG_WARN_QUOTED_INCLUDE_IN_FRAMEWORK_HEADER = YES;
				CLANG_WARN_RANGE_LOOP_ANALYSIS = YES;
				CLANG_WARN_STRICT_PROTOTYPES = YES;
				CLANG_WARN_SUSPICIOUS_MOVE = YES;
				CLANG_WARN_UNGUARDED_AVAILABILITY = YES_AGGRESSIVE;
				CLANG_WARN_UNREACHABLE_CODE = YES;
				CLANG_WARN__DUPLICATE_METHOD_MATCH = YES;
				COPY_PHASE_STRIP = NO;
				DEBUG_INFORMATION_FORMAT = "dwarf-with-dsym";
				ENABLE_NS_ASSERTIONS = NO;
				ENABLE_STRICT_OBJC_MSGSEND = YES;
				GCC_C_LANGUAGE_STANDARD = gnu11;
				GCC_NO_COMMON_BLOCKS = YES;
				GCC_WARN_64_TO_32_BIT_CONVERSION = YES;
				GCC_WARN_ABOUT_RETURN_TYPE = YES_ERROR;
				GCC_WARN_UNDECLARED_SELECTOR = YES;
				GCC_WARN_UNINITIALIZED_AUTOS = YES_AGGRESSIVE;
				GCC_WARN_UNUSED_FUNCTION = YES;
				GCC_WARN_UNUSED_VARIABLE = YES;
				IPHONEOS_DEPLOYMENT_TARGET = 14.4;
				MTL_ENABLE_DEBUG_INFO = NO;
				MTL_FAST_MATH = YES;
				SDKROOT = iphoneos;
				SWIFT_COMPILATION_MODE = wholemodule;
				SWIFT_OPTIMIZATION_LEVEL = "-O";
				VALIDATE_PRODUCT = YES;
			};
			name = Release;
		};
		2C72A9022600D612003CCD13 /* Debug */ = {
			isa = XCBuildConfiguration;
			buildSettings = {
				ASSETCATALOG_COMPILER_APPICON_NAME = AppIcon;
				ASSETCATALOG_COMPILER_GLOBAL_ACCENT_COLOR_NAME = AccentColor;
				CODE_SIGN_STYLE = Automatic;
				DEVELOPMENT_TEAM = B27HT7JX8Q;
				INFOPLIST_FILE = "Bankin Challenge/Info.plist";
				LD_RUNPATH_SEARCH_PATHS = (
					"$(inherited)",
					"@executable_path/Frameworks",
				);
				PRODUCT_BUNDLE_IDENTIFIER = "io.fabricetiennette.Bankin-Challenge";
				PRODUCT_NAME = "$(TARGET_NAME)";
				SWIFT_VERSION = 5.0;
				TARGETED_DEVICE_FAMILY = "1,2";
			};
			name = Debug;
		};
		2C72A9032600D612003CCD13 /* Release */ = {
			isa = XCBuildConfiguration;
			buildSettings = {
				ASSETCATALOG_COMPILER_APPICON_NAME = AppIcon;
				ASSETCATALOG_COMPILER_GLOBAL_ACCENT_COLOR_NAME = AccentColor;
				CODE_SIGN_STYLE = Automatic;
				DEVELOPMENT_TEAM = B27HT7JX8Q;
				INFOPLIST_FILE = "Bankin Challenge/Info.plist";
				LD_RUNPATH_SEARCH_PATHS = (
					"$(inherited)",
					"@executable_path/Frameworks",
				);
				PRODUCT_BUNDLE_IDENTIFIER = "io.fabricetiennette.Bankin-Challenge";
				PRODUCT_NAME = "$(TARGET_NAME)";
				SWIFT_VERSION = 5.0;
				TARGETED_DEVICE_FAMILY = "1,2";
			};
			name = Release;
		};
		2C72A9052600D612003CCD13 /* Debug */ = {
			isa = XCBuildConfiguration;
			buildSettings = {
				ALWAYS_EMBED_SWIFT_STANDARD_LIBRARIES = YES;
				BUNDLE_LOADER = "$(TEST_HOST)";
				CODE_SIGN_STYLE = Automatic;
				DEVELOPMENT_TEAM = B27HT7JX8Q;
				INFOPLIST_FILE = "Bankin ChallengeTests/Info.plist";
				IPHONEOS_DEPLOYMENT_TARGET = 14.4;
				LD_RUNPATH_SEARCH_PATHS = (
					"$(inherited)",
					"@executable_path/Frameworks",
					"@loader_path/Frameworks",
				);
				PRODUCT_BUNDLE_IDENTIFIER = "io.fabricetiennette.Bankin-ChallengeTests";
				PRODUCT_NAME = "$(TARGET_NAME)";
				SWIFT_VERSION = 5.0;
				TARGETED_DEVICE_FAMILY = "1,2";
				TEST_HOST = "$(BUILT_PRODUCTS_DIR)/Bankin Challenge.app/Bankin Challenge";
			};
			name = Debug;
		};
		2C72A9062600D612003CCD13 /* Release */ = {
			isa = XCBuildConfiguration;
			buildSettings = {
				ALWAYS_EMBED_SWIFT_STANDARD_LIBRARIES = YES;
				BUNDLE_LOADER = "$(TEST_HOST)";
				CODE_SIGN_STYLE = Automatic;
				DEVELOPMENT_TEAM = B27HT7JX8Q;
				INFOPLIST_FILE = "Bankin ChallengeTests/Info.plist";
				IPHONEOS_DEPLOYMENT_TARGET = 14.4;
				LD_RUNPATH_SEARCH_PATHS = (
					"$(inherited)",
					"@executable_path/Frameworks",
					"@loader_path/Frameworks",
				);
				PRODUCT_BUNDLE_IDENTIFIER = "io.fabricetiennette.Bankin-ChallengeTests";
				PRODUCT_NAME = "$(TARGET_NAME)";
				SWIFT_VERSION = 5.0;
				TARGETED_DEVICE_FAMILY = "1,2";
				TEST_HOST = "$(BUILT_PRODUCTS_DIR)/Bankin Challenge.app/Bankin Challenge";
			};
			name = Release;
		};
		2C72A9082600D612003CCD13 /* Debug */ = {
			isa = XCBuildConfiguration;
			buildSettings = {
				ALWAYS_EMBED_SWIFT_STANDARD_LIBRARIES = YES;
				CODE_SIGN_STYLE = Automatic;
				DEVELOPMENT_TEAM = B27HT7JX8Q;
				INFOPLIST_FILE = "Bankin ChallengeUITests/Info.plist";
				LD_RUNPATH_SEARCH_PATHS = (
					"$(inherited)",
					"@executable_path/Frameworks",
					"@loader_path/Frameworks",
				);
				PRODUCT_BUNDLE_IDENTIFIER = "io.fabricetiennette.Bankin-ChallengeUITests";
				PRODUCT_NAME = "$(TARGET_NAME)";
				SWIFT_VERSION = 5.0;
				TARGETED_DEVICE_FAMILY = "1,2";
				TEST_TARGET_NAME = "Bankin Challenge";
			};
			name = Debug;
		};
		2C72A9092600D612003CCD13 /* Release */ = {
			isa = XCBuildConfiguration;
			buildSettings = {
				ALWAYS_EMBED_SWIFT_STANDARD_LIBRARIES = YES;
				CODE_SIGN_STYLE = Automatic;
				DEVELOPMENT_TEAM = B27HT7JX8Q;
				INFOPLIST_FILE = "Bankin ChallengeUITests/Info.plist";
				LD_RUNPATH_SEARCH_PATHS = (
					"$(inherited)",
					"@executable_path/Frameworks",
					"@loader_path/Frameworks",
				);
				PRODUCT_BUNDLE_IDENTIFIER = "io.fabricetiennette.Bankin-ChallengeUITests";
				PRODUCT_NAME = "$(TARGET_NAME)";
				SWIFT_VERSION = 5.0;
				TARGETED_DEVICE_FAMILY = "1,2";
				TEST_TARGET_NAME = "Bankin Challenge";
			};
			name = Release;
		};
/* End XCBuildConfiguration section */

/* Begin XCConfigurationList section */
		2C72A8D22600D610003CCD13 /* Build configuration list for PBXProject "Bankin Challenge" */ = {
			isa = XCConfigurationList;
			buildConfigurations = (
				2C72A8FF2600D612003CCD13 /* Debug */,
				2C72A9002600D612003CCD13 /* Release */,
			);
			defaultConfigurationIsVisible = 0;
			defaultConfigurationName = Release;
		};
		2C72A9012600D612003CCD13 /* Build configuration list for PBXNativeTarget "Bankin Challenge" */ = {
			isa = XCConfigurationList;
			buildConfigurations = (
				2C72A9022600D612003CCD13 /* Debug */,
				2C72A9032600D612003CCD13 /* Release */,
			);
			defaultConfigurationIsVisible = 0;
			defaultConfigurationName = Release;
		};
		2C72A9042600D612003CCD13 /* Build configuration list for PBXNativeTarget "Bankin ChallengeTests" */ = {
			isa = XCConfigurationList;
			buildConfigurations = (
				2C72A9052600D612003CCD13 /* Debug */,
				2C72A9062600D612003CCD13 /* Release */,
			);
			defaultConfigurationIsVisible = 0;
			defaultConfigurationName = Release;
		};
		2C72A9072600D612003CCD13 /* Build configuration list for PBXNativeTarget "Bankin ChallengeUITests" */ = {
			isa = XCConfigurationList;
			buildConfigurations = (
				2C72A9082600D612003CCD13 /* Debug */,
				2C72A9092600D612003CCD13 /* Release */,
			);
			defaultConfigurationIsVisible = 0;
			defaultConfigurationName = Release;
		};
/* End XCConfigurationList section */
	};
	rootObject = 2C72A8CF2600D610003CCD13 /* Project object */;
}
